%{
  "bunt": {:hex, :bunt, "0.2.0", "951c6e801e8b1d2cbe58ebbd3e616a869061ddadcc4863d0a2182541acae9a38", [:mix], [], "hexpm", "7af5c7e09fe1d40f76c8e4f9dd2be7cebd83909f31fee7cd0e9eadc567da8353"},
  "cldr_utils": {:hex, :cldr_utils, "2.18.0", "674a2941abfd501a338b02244985feb7e526b1b41417b305c45a682e1f7b07b0", [:mix], [{:castore, "~> 0.1", [hex: :castore, repo: "hexpm", optional: true]}, {:certifi, "~> 2.5", [hex: :certifi, repo: "hexpm", optional: true]}, {:decimal, "~> 1.9 or ~> 2.0", [hex: :decimal, repo: "hexpm", optional: false]}], "hexpm", "b435777ae33e8e86cfbeb96437881cf751d5062f366dacdae2e6548f83257a52"},
  "credo": {:hex, :credo, "1.6.6", "f51f8d45db1af3b2e2f7bee3e6d3c871737bda4a91bff00c5eec276517d1a19c", [:mix], [{:bunt, "~> 0.2.0", [hex: :bunt, repo: "hexpm", optional: false]}, {:file_system, "~> 0.2.8", [hex: :file_system, repo: "hexpm", optional: false]}, {:jason, "~> 1.0", [hex: :jason, repo: "hexpm", optional: false]}], "hexpm", "625520ce0984ee0f9f1f198165cd46fa73c1e59a17ebc520038b8fce056a5bdc"},
  "decimal": {:hex, :decimal, "2.0.0", "a78296e617b0f5dd4c6caf57c714431347912ffb1d0842e998e9792b5642d697", [:mix], [], "hexpm", "34666e9c55dea81013e77d9d87370fe6cb6291d1ef32f46a1600230b1d44f577"},
  "ex_cldr": {:hex, :ex_cldr, "2.33.0", "fd1f3752164ace38b2d7986fd948bf49d1037ee1ad7007a2349c5411e482f33f", [:mix], [{:castore, "~> 0.1", [hex: :castore, repo: "hexpm", optional: true]}, {:certifi, "~> 2.5", [hex: :certifi, repo: "hexpm", optional: true]}, {:cldr_utils, "~> 2.18", [hex: :cldr_utils, repo: "hexpm", optional: false]}, {:decimal, "~> 1.6 or ~> 2.0", [hex: :decimal, repo: "hexpm", optional: false]}, {:gettext, "~> 0.19", [hex: :gettext, repo: "hexpm", optional: true]}, {:jason, "~> 1.0", [hex: :jason, repo: "hexpm", optional: true]}, {:nimble_parsec, "~> 0.5 or ~> 1.0", [hex: :nimble_parsec, repo: "hexpm", optional: true]}], "hexpm", "a46ced45b47fc4ebafbb7ffdaf496a3b34fe6bd78ce4cadfbc6920eb3d190ae7"},
  "file_system": {:hex, :file_system, "0.2.10", "fb082005a9cd1711c05b5248710f8826b02d7d1784e7c3451f9c1231d4fc162d", [:mix], [], "hexpm", "41195edbfb562a593726eda3b3e8b103a309b733ad25f3d642ba49696bf715dc"},
  "jason": {:hex, :jason, "1.3.0", "fa6b82a934feb176263ad2df0dbd91bf633d4a46ebfdffea0c8ae82953714946", [:mix], [{:decimal, "~> 1.0 or ~> 2.0", [hex: :decimal, repo: "hexpm", optional: true]}], "hexpm", "53fc1f51255390e0ec7e50f9cb41e751c260d065dcba2bf0d08dc51a4002c2ac"},
}
